
Microsoft Visual Studio Solution File, Format Version 12.00
# Visual Studio Version 17
VisualStudioVersion = 17.4.33213.308
MinimumVisualStudioVersion = 10.0.40219.1
Project("{FAE04EC0-301F-11D3-BF4B-00C04F79EFBC}") = "RazorPagesMovie", "RazorPagesMovie\RazorPagesMovie.csproj", "{BF5FE2DA-7F75-4715-9706-76731485DAC7}"
EndProject
Global
	GlobalSection(SolutionConfigurationPlatforms) = preSolution
		Debug|Any CPU = Debug|Any CPU
		Release|Any CPU = Release|Any CPU
	EndGlobalSection
	GlobalSection(ProjectConfigurationPlatforms) = postSolution
		{BF5FE2DA-7F75-4715-9706-76731485DAC7}.Debug|Any CPU.ActiveCfg = Debug|Any CPU
		{BF5FE2DA-7F75-4715-9706-76731485DAC7}.Debug|Any CPU.Build.0 = Debug|Any CPU
		{BF5FE2DA-7F75-4715-9706-76731485DAC7}.Release|Any CPU.ActiveCfg = Release|Any CPU
		{BF5FE2DA-7F75-4715-9706-76731485DAC7}.Release|Any CPU.Build.0 = Release|Any CPU
	EndGlobalSection
	GlobalSection(SolutionProperties) = preSolution
		HideSolutionNode = FALSE
	EndGlobalSection
	GlobalSection(ExtensibilityGlobals) = postSolution
		SolutionGuid = {20BFDF99-1FE2-41BE-ABA0-B44E91229C68}
	EndGlobalSection
EndGlobal
